{
  "version": 4,
  "terraform_version": "1.10.5",
  "serial": 34,
  "lineage": "23866c60-c010-e71d-8ee7-6adc10943db0",
  "outputs": {},
  "resources": [
    {
      "mode": "managed",
      "type": "aws_vpc",
      "name": "test-tf-vpc",
      "provider": "provider[\"registry.terraform.io/hashicorp/aws\"]",
      "instances": [
        {
          "schema_version": 1,
          "attributes": {
            "arn": "arn:aws:ec2:eu-west-1:688567307753:vpc/vpc-06aac62d096ab0c95",
            "assign_generated_ipv6_cidr_block": false,
            "cidr_block": "10.0.0.0/25",
            "default_network_acl_id": "acl-02bdd7f2d91fc6c91",
            "default_route_table_id": "rtb-00262685791099e78",
            "default_security_group_id": "sg-0b4587692ca0ab41a",
            "dhcp_options_id": "dopt-04deb4095b148026b",
            "enable_dns_hostnames": false,
            "enable_dns_support": true,
            "enable_network_address_usage_metrics": false,
            "id": "vpc-06aac62d096ab0c95",
            "instance_tenancy": "default",
            "ipv4_ipam_pool_id": null,
            "ipv4_netmask_length": null,
            "ipv6_association_id": "",
            "ipv6_cidr_block": "",
            "ipv6_cidr_block_network_border_group": "",
            "ipv6_ipam_pool_id": "",
            "ipv6_netmask_length": 0,
            "main_route_table_id": "rtb-00262685791099e78",
            "owner_id": "688567307753",
            "tags": {
              "Name": "test-tf-vpc",
              "Owner": "Zubayr"
            },
            "tags_all": {
              "Name": "test-tf-vpc",
              "Owner": "Zubayr"
            }
          },
          "sensitive_attributes": [],
          "private": "eyJzY2hlbWFfdmVyc2lvbiI6IjEifQ=="
        }
      ]
    }
  ],
  "check_results": null
}
